
Microsoft Visual Studio Solution File, Format Version 12.00
# Visual Studio 2013
VisualStudioVersion = 12.0.30110.0
MinimumVisualStudioVersion = 10.0.40219.1
Project("{8BC9CEB8-8B4A-11D0-8D11-00A0C91BC942}") = "KernelProject", "KernelProject\KernelProject.vcxproj", "{3A23806B-7475-41DA-B94C-02CF314C227E}"
EndProject
Project("{8BC9CEB8-8B4A-11D0-8D11-00A0C91BC942}") = "libc", "libc\libc.vcxproj", "{6B090B01-76A1-4521-902D-6011FE9AA4ED}"
EndProject
Project("{8BC9CEB8-8B4A-11D0-8D11-00A0C91BC942}") = "capstone_static", "capstone\msvc\capstone_static\capstone_static.vcxproj", "{5B01D900-2359-44CA-9914-6B0C6AFB7BE7}"
EndProject
Project("{8BC9CEB8-8B4A-11D0-8D11-00A0C91BC942}") = "test_x86", "capstone\msvc\test_x86\test_x86.vcxproj", "{9C69243E-C7DC-42A4-AB86-0696E51697C8}"
EndProject
Global
	GlobalSection(SolutionConfigurationPlatforms) = preSolution
		Debug|Win32 = Debug|Win32
		Debug|x64 = Debug|x64
		Release|Win32 = Release|Win32
		Release|x64 = Release|x64
		Win7 Debug|Win32 = Win7 Debug|Win32
		Win7 Debug|x64 = Win7 Debug|x64
		Win7 Release|Win32 = Win7 Release|Win32
		Win7 Release|x64 = Win7 Release|x64
		Win8 Debug|Win32 = Win8 Debug|Win32
		Win8 Debug|x64 = Win8 Debug|x64
		Win8 Release|Win32 = Win8 Release|Win32
		Win8 Release|x64 = Win8 Release|x64
		Win8.1 Debug|Win32 = Win8.1 Debug|Win32
		Win8.1 Debug|x64 = Win8.1 Debug|x64
		Win8.1 Release|Win32 = Win8.1 Release|Win32
		Win8.1 Release|x64 = Win8.1 Release|x64
	EndGlobalSection
	GlobalSection(ProjectConfigurationPlatforms) = postSolution
		{3A23806B-7475-41DA-B94C-02CF314C227E}.Debug|Win32.ActiveCfg = Win8.1 Debug|Win32
		{3A23806B-7475-41DA-B94C-02CF314C227E}.Debug|Win32.Build.0 = Win8.1 Debug|Win32
		{3A23806B-7475-41DA-B94C-02CF314C227E}.Debug|Win32.Deploy.0 = Win8.1 Debug|Win32
		{3A23806B-7475-41DA-B94C-02CF314C227E}.Debug|x64.ActiveCfg = Win8.1 Debug|x64
		{3A23806B-7475-41DA-B94C-02CF314C227E}.Debug|x64.Build.0 = Win8.1 Debug|x64
		{3A23806B-7475-41DA-B94C-02CF314C227E}.Debug|x64.Deploy.0 = Win8.1 Debug|x64
		{3A23806B-7475-41DA-B94C-02CF314C227E}.Release|Win32.ActiveCfg = Win8.1 Release|Win32
		{3A23806B-7475-41DA-B94C-02CF314C227E}.Release|Win32.Build.0 = Win8.1 Release|Win32
		{3A23806B-7475-41DA-B94C-02CF314C227E}.Release|Win32.Deploy.0 = Win8.1 Release|Win32
		{3A23806B-7475-41DA-B94C-02CF314C227E}.Release|x64.ActiveCfg = Win8.1 Release|x64
		{3A23806B-7475-41DA-B94C-02CF314C227E}.Release|x64.Build.0 = Win8.1 Release|x64
		{3A23806B-7475-41DA-B94C-02CF314C227E}.Release|x64.Deploy.0 = Win8.1 Release|x64
		{3A23806B-7475-41DA-B94C-02CF314C227E}.Win7 Debug|Win32.ActiveCfg = Win7 Debug|Win32
		{3A23806B-7475-41DA-B94C-02CF314C227E}.Win7 Debug|Win32.Build.0 = Win7 Debug|Win32
		{3A23806B-7475-41DA-B94C-02CF314C227E}.Win7 Debug|Win32.Deploy.0 = Win7 Debug|Win32
		{3A23806B-7475-41DA-B94C-02CF314C227E}.Win7 Debug|x64.ActiveCfg = Win7 Debug|x64
		{3A23806B-7475-41DA-B94C-02CF314C227E}.Win7 Debug|x64.Build.0 = Win7 Debug|x64
		{3A23806B-7475-41DA-B94C-02CF314C227E}.Win7 Debug|x64.Deploy.0 = Win7 Debug|x64
		{3A23806B-7475-41DA-B94C-02CF314C227E}.Win7 Release|Win32.ActiveCfg = Win7 Release|Win32
		{3A23806B-7475-41DA-B94C-02CF314C227E}.Win7 Release|Win32.Build.0 = Win7 Release|Win32
		{3A23806B-7475-41DA-B94C-02CF314C227E}.Win7 Release|Win32.Deploy.0 = Win7 Release|Win32
		{3A23806B-7475-41DA-B94C-02CF314C227E}.Win7 Release|x64.ActiveCfg = Win7 Release|x64
		{3A23806B-7475-41DA-B94C-02CF314C227E}.Win7 Release|x64.Build.0 = Win7 Release|x64
		{3A23806B-7475-41DA-B94C-02CF314C227E}.Win7 Release|x64.Deploy.0 = Win7 Release|x64
		{3A23806B-7475-41DA-B94C-02CF314C227E}.Win8 Debug|Win32.ActiveCfg = Win8 Debug|Win32
		{3A23806B-7475-41DA-B94C-02CF314C227E}.Win8 Debug|Win32.Build.0 = Win8 Debug|Win32
		{3A23806B-7475-41DA-B94C-02CF314C227E}.Win8 Debug|Win32.Deploy.0 = Win8 Debug|Win32
		{3A23806B-7475-41DA-B94C-02CF314C227E}.Win8 Debug|x64.ActiveCfg = Win8 Debug|x64
		{3A23806B-7475-41DA-B94C-02CF314C227E}.Win8 Debug|x64.Build.0 = Win8 Debug|x64
		{3A23806B-7475-41DA-B94C-02CF314C227E}.Win8 Debug|x64.Deploy.0 = Win8 Debug|x64
		{3A23806B-7475-41DA-B94C-02CF314C227E}.Win8 Release|Win32.ActiveCfg = Win8 Release|Win32
		{3A23806B-7475-41DA-B94C-02CF314C227E}.Win8 Release|Win32.Build.0 = Win8 Release|Win32
		{3A23806B-7475-41DA-B94C-02CF314C227E}.Win8 Release|Win32.Deploy.0 = Win8 Release|Win32
		{3A23806B-7475-41DA-B94C-02CF314C227E}.Win8 Release|x64.ActiveCfg = Win8 Release|x64
		{3A23806B-7475-41DA-B94C-02CF314C227E}.Win8 Release|x64.Build.0 = Win8 Release|x64
		{3A23806B-7475-41DA-B94C-02CF314C227E}.Win8 Release|x64.Deploy.0 = Win8 Release|x64
		{3A23806B-7475-41DA-B94C-02CF314C227E}.Win8.1 Debug|Win32.ActiveCfg = Win8.1 Debug|Win32
		{3A23806B-7475-41DA-B94C-02CF314C227E}.Win8.1 Debug|Win32.Build.0 = Win8.1 Debug|Win32
		{3A23806B-7475-41DA-B94C-02CF314C227E}.Win8.1 Debug|Win32.Deploy.0 = Win8.1 Debug|Win32
		{3A23806B-7475-41DA-B94C-02CF314C227E}.Win8.1 Debug|x64.ActiveCfg = Win8.1 Debug|x64
		{3A23806B-7475-41DA-B94C-02CF314C227E}.Win8.1 Debug|x64.Build.0 = Win8.1 Debug|x64
		{3A23806B-7475-41DA-B94C-02CF314C227E}.Win8.1 Debug|x64.Deploy.0 = Win8.1 Debug|x64
		{3A23806B-7475-41DA-B94C-02CF314C227E}.Win8.1 Release|Win32.ActiveCfg = Win8.1 Release|x64
		{3A23806B-7475-41DA-B94C-02CF314C227E}.Win8.1 Release|Win32.Build.0 = Win8.1 Release|x64
		{3A23806B-7475-41DA-B94C-02CF314C227E}.Win8.1 Release|Win32.Deploy.0 = Win8.1 Release|x64
		{3A23806B-7475-41DA-B94C-02CF314C227E}.Win8.1 Release|x64.ActiveCfg = Win8.1 Release|x64
		{3A23806B-7475-41DA-B94C-02CF314C227E}.Win8.1 Release|x64.Build.0 = Win8.1 Release|x64
		{3A23806B-7475-41DA-B94C-02CF314C227E}.Win8.1 Release|x64.Deploy.0 = Win8.1 Release|x64
		{6B090B01-76A1-4521-902D-6011FE9AA4ED}.Debug|Win32.ActiveCfg = Debug|Win32
		{6B090B01-76A1-4521-902D-6011FE9AA4ED}.Debug|Win32.Build.0 = Debug|Win32
		{6B090B01-76A1-4521-902D-6011FE9AA4ED}.Debug|Win32.Deploy.0 = Debug|Win32
		{6B090B01-76A1-4521-902D-6011FE9AA4ED}.Debug|x64.ActiveCfg = Debug|x64
		{6B090B01-76A1-4521-902D-6011FE9AA4ED}.Debug|x64.Build.0 = Debug|x64
		{6B090B01-76A1-4521-902D-6011FE9AA4ED}.Debug|x64.Deploy.0 = Debug|x64
		{6B090B01-76A1-4521-902D-6011FE9AA4ED}.Release|Win32.ActiveCfg = Release|Win32
		{6B090B01-76A1-4521-902D-6011FE9AA4ED}.Release|Win32.Build.0 = Release|Win32
		{6B090B01-76A1-4521-902D-6011FE9AA4ED}.Release|Win32.Deploy.0 = Release|Win32
		{6B090B01-76A1-4521-902D-6011FE9AA4ED}.Release|x64.ActiveCfg = Release|x64
		{6B090B01-76A1-4521-902D-6011FE9AA4ED}.Release|x64.Build.0 = Release|x64
		{6B090B01-76A1-4521-902D-6011FE9AA4ED}.Release|x64.Deploy.0 = Release|x64
		{6B090B01-76A1-4521-902D-6011FE9AA4ED}.Win7 Debug|Win32.ActiveCfg = Debug|Win32
		{6B090B01-76A1-4521-902D-6011FE9AA4ED}.Win7 Debug|Win32.Build.0 = Debug|Win32
		{6B090B01-76A1-4521-902D-6011FE9AA4ED}.Win7 Debug|Win32.Deploy.0 = Debug|Win32
		{6B090B01-76A1-4521-902D-6011FE9AA4ED}.Win7 Debug|x64.ActiveCfg = Debug|x64
		{6B090B01-76A1-4521-902D-6011FE9AA4ED}.Win7 Debug|x64.Build.0 = Debug|x64
		{6B090B01-76A1-4521-902D-6011FE9AA4ED}.Win7 Debug|x64.Deploy.0 = Debug|x64
		{6B090B01-76A1-4521-902D-6011FE9AA4ED}.Win7 Release|Win32.ActiveCfg = Release|Win32
		{6B090B01-76A1-4521-902D-6011FE9AA4ED}.Win7 Release|Win32.Build.0 = Release|Win32
		{6B090B01-76A1-4521-902D-6011FE9AA4ED}.Win7 Release|Win32.Deploy.0 = Release|Win32
		{6B090B01-76A1-4521-902D-6011FE9AA4ED}.Win7 Release|x64.ActiveCfg = Release|x64
		{6B090B01-76A1-4521-902D-6011FE9AA4ED}.Win7 Release|x64.Build.0 = Release|x64
		{6B090B01-76A1-4521-902D-6011FE9AA4ED}.Win7 Release|x64.Deploy.0 = Release|x64
		{6B090B01-76A1-4521-902D-6011FE9AA4ED}.Win8 Debug|Win32.ActiveCfg = Debug|Win32
		{6B090B01-76A1-4521-902D-6011FE9AA4ED}.Win8 Debug|Win32.Build.0 = Debug|Win32
		{6B090B01-76A1-4521-902D-6011FE9AA4ED}.Win8 Debug|Win32.Deploy.0 = Debug|Win32
		{6B090B01-76A1-4521-902D-6011FE9AA4ED}.Win8 Debug|x64.ActiveCfg = Debug|x64
		{6B090B01-76A1-4521-902D-6011FE9AA4ED}.Win8 Debug|x64.Build.0 = Debug|x64
		{6B090B01-76A1-4521-902D-6011FE9AA4ED}.Win8 Debug|x64.Deploy.0 = Debug|x64
		{6B090B01-76A1-4521-902D-6011FE9AA4ED}.Win8 Release|Win32.ActiveCfg = Release|Win32
		{6B090B01-76A1-4521-902D-6011FE9AA4ED}.Win8 Release|Win32.Build.0 = Release|Win32
		{6B090B01-76A1-4521-902D-6011FE9AA4ED}.Win8 Release|Win32.Deploy.0 = Release|Win32
		{6B090B01-76A1-4521-902D-6011FE9AA4ED}.Win8 Release|x64.ActiveCfg = Release|x64
		{6B090B01-76A1-4521-902D-6011FE9AA4ED}.Win8 Release|x64.Build.0 = Release|x64
		{6B090B01-76A1-4521-902D-6011FE9AA4ED}.Win8 Release|x64.Deploy.0 = Release|x64
		{6B090B01-76A1-4521-902D-6011FE9AA4ED}.Win8.1 Debug|Win32.ActiveCfg = Debug|Win32
		{6B090B01-76A1-4521-902D-6011FE9AA4ED}.Win8.1 Debug|Win32.Build.0 = Debug|Win32
		{6B090B01-76A1-4521-902D-6011FE9AA4ED}.Win8.1 Debug|Win32.Deploy.0 = Debug|Win32
		{6B090B01-76A1-4521-902D-6011FE9AA4ED}.Win8.1 Debug|x64.ActiveCfg = Debug|x64
		{6B090B01-76A1-4521-902D-6011FE9AA4ED}.Win8.1 Debug|x64.Build.0 = Debug|x64
		{6B090B01-76A1-4521-902D-6011FE9AA4ED}.Win8.1 Debug|x64.Deploy.0 = Debug|x64
		{6B090B01-76A1-4521-902D-6011FE9AA4ED}.Win8.1 Release|Win32.ActiveCfg = Release|x64
		{6B090B01-76A1-4521-902D-6011FE9AA4ED}.Win8.1 Release|Win32.Build.0 = Release|x64
		{6B090B01-76A1-4521-902D-6011FE9AA4ED}.Win8.1 Release|Win32.Deploy.0 = Release|x64
		{6B090B01-76A1-4521-902D-6011FE9AA4ED}.Win8.1 Release|x64.ActiveCfg = Release|x64
		{6B090B01-76A1-4521-902D-6011FE9AA4ED}.Win8.1 Release|x64.Build.0 = Release|x64
		{6B090B01-76A1-4521-902D-6011FE9AA4ED}.Win8.1 Release|x64.Deploy.0 = Release|x64
		{5B01D900-2359-44CA-9914-6B0C6AFB7BE7}.Debug|Win32.ActiveCfg = Debug|Win32
		{5B01D900-2359-44CA-9914-6B0C6AFB7BE7}.Debug|Win32.Build.0 = Debug|Win32
		{5B01D900-2359-44CA-9914-6B0C6AFB7BE7}.Debug|Win32.Deploy.0 = Debug|Win32
		{5B01D900-2359-44CA-9914-6B0C6AFB7BE7}.Debug|x64.ActiveCfg = Debug|x64
		{5B01D900-2359-44CA-9914-6B0C6AFB7BE7}.Debug|x64.Build.0 = Debug|x64
		{5B01D900-2359-44CA-9914-6B0C6AFB7BE7}.Debug|x64.Deploy.0 = Debug|x64
		{5B01D900-2359-44CA-9914-6B0C6AFB7BE7}.Release|Win32.ActiveCfg = Release|Win32
		{5B01D900-2359-44CA-9914-6B0C6AFB7BE7}.Release|Win32.Build.0 = Release|Win32
		{5B01D900-2359-44CA-9914-6B0C6AFB7BE7}.Release|Win32.Deploy.0 = Release|Win32
		{5B01D900-2359-44CA-9914-6B0C6AFB7BE7}.Release|x64.ActiveCfg = Release|x64
		{5B01D900-2359-44CA-9914-6B0C6AFB7BE7}.Release|x64.Build.0 = Release|x64
		{5B01D900-2359-44CA-9914-6B0C6AFB7BE7}.Release|x64.Deploy.0 = Release|x64
		{5B01D900-2359-44CA-9914-6B0C6AFB7BE7}.Win7 Debug|Win32.ActiveCfg = Debug|Win32
		{5B01D900-2359-44CA-9914-6B0C6AFB7BE7}.Win7 Debug|Win32.Build.0 = Debug|Win32
		{5B01D900-2359-44CA-9914-6B0C6AFB7BE7}.Win7 Debug|Win32.Deploy.0 = Debug|Win32
		{5B01D900-2359-44CA-9914-6B0C6AFB7BE7}.Win7 Debug|x64.ActiveCfg = Debug|x64
		{5B01D900-2359-44CA-9914-6B0C6AFB7BE7}.Win7 Debug|x64.Build.0 = Debug|x64
		{5B01D900-2359-44CA-9914-6B0C6AFB7BE7}.Win7 Debug|x64.Deploy.0 = Debug|x64
		{5B01D900-2359-44CA-9914-6B0C6AFB7BE7}.Win7 Release|Win32.ActiveCfg = Release|Win32
		{5B01D900-2359-44CA-9914-6B0C6AFB7BE7}.Win7 Release|Win32.Build.0 = Release|Win32
		{5B01D900-2359-44CA-9914-6B0C6AFB7BE7}.Win7 Release|Win32.Deploy.0 = Release|Win32
		{5B01D900-2359-44CA-9914-6B0C6AFB7BE7}.Win7 Release|x64.ActiveCfg = Release|x64
		{5B01D900-2359-44CA-9914-6B0C6AFB7BE7}.Win7 Release|x64.Build.0 = Release|x64
		{5B01D900-2359-44CA-9914-6B0C6AFB7BE7}.Win7 Release|x64.Deploy.0 = Release|x64
		{5B01D900-2359-44CA-9914-6B0C6AFB7BE7}.Win8 Debug|Win32.ActiveCfg = Debug|Win32
		{5B01D900-2359-44CA-9914-6B0C6AFB7BE7}.Win8 Debug|Win32.Build.0 = Debug|Win32
		{5B01D900-2359-44CA-9914-6B0C6AFB7BE7}.Win8 Debug|Win32.Deploy.0 = Debug|Win32
		{5B01D900-2359-44CA-9914-6B0C6AFB7BE7}.Win8 Debug|x64.ActiveCfg = Debug|x64
		{5B01D900-2359-44CA-9914-6B0C6AFB7BE7}.Win8 Debug|x64.Build.0 = Debug|x64
		{5B01D900-2359-44CA-9914-6B0C6AFB7BE7}.Win8 Debug|x64.Deploy.0 = Debug|x64
		{5B01D900-2359-44CA-9914-6B0C6AFB7BE7}.Win8 Release|Win32.ActiveCfg = Release|Win32
		{5B01D900-2359-44CA-9914-6B0C6AFB7BE7}.Win8 Release|Win32.Build.0 = Release|Win32
		{5B01D900-2359-44CA-9914-6B0C6AFB7BE7}.Win8 Release|Win32.Deploy.0 = Release|Win32
		{5B01D900-2359-44CA-9914-6B0C6AFB7BE7}.Win8 Release|x64.ActiveCfg = Release|x64
		{5B01D900-2359-44CA-9914-6B0C6AFB7BE7}.Win8 Release|x64.Build.0 = Release|x64
		{5B01D900-2359-44CA-9914-6B0C6AFB7BE7}.Win8 Release|x64.Deploy.0 = Release|x64
		{5B01D900-2359-44CA-9914-6B0C6AFB7BE7}.Win8.1 Debug|Win32.ActiveCfg = Debug|Win32
		{5B01D900-2359-44CA-9914-6B0C6AFB7BE7}.Win8.1 Debug|Win32.Build.0 = Debug|Win32
		{5B01D900-2359-44CA-9914-6B0C6AFB7BE7}.Win8.1 Debug|Win32.Deploy.0 = Debug|Win32
		{5B01D900-2359-44CA-9914-6B0C6AFB7BE7}.Win8.1 Debug|x64.ActiveCfg = Debug|x64
		{5B01D900-2359-44CA-9914-6B0C6AFB7BE7}.Win8.1 Debug|x64.Build.0 = Debug|x64
		{5B01D900-2359-44CA-9914-6B0C6AFB7BE7}.Win8.1 Debug|x64.Deploy.0 = Debug|x64
		{5B01D900-2359-44CA-9914-6B0C6AFB7BE7}.Win8.1 Release|Win32.ActiveCfg = Release|Win32
		{5B01D900-2359-44CA-9914-6B0C6AFB7BE7}.Win8.1 Release|Win32.Build.0 = Release|Win32
		{5B01D900-2359-44CA-9914-6B0C6AFB7BE7}.Win8.1 Release|Win32.Deploy.0 = Release|Win32
		{5B01D900-2359-44CA-9914-6B0C6AFB7BE7}.Win8.1 Release|x64.ActiveCfg = Release|x64
		{5B01D900-2359-44CA-9914-6B0C6AFB7BE7}.Win8.1 Release|x64.Build.0 = Release|x64
		{5B01D900-2359-44CA-9914-6B0C6AFB7BE7}.Win8.1 Release|x64.Deploy.0 = Release|x64
		{9C69243E-C7DC-42A4-AB86-0696E51697C8}.Debug|Win32.ActiveCfg = Debug|Win32
		{9C69243E-C7DC-42A4-AB86-0696E51697C8}.Debug|Win32.Build.0 = Debug|Win32
		{9C69243E-C7DC-42A4-AB86-0696E51697C8}.Debug|Win32.Deploy.0 = Debug|Win32
		{9C69243E-C7DC-42A4-AB86-0696E51697C8}.Debug|x64.ActiveCfg = Debug|x64
		{9C69243E-C7DC-42A4-AB86-0696E51697C8}.Debug|x64.Build.0 = Debug|x64
		{9C69243E-C7DC-42A4-AB86-0696E51697C8}.Release|Win32.ActiveCfg = Release|Win32
		{9C69243E-C7DC-42A4-AB86-0696E51697C8}.Release|Win32.Build.0 = Release|Win32
		{9C69243E-C7DC-42A4-AB86-0696E51697C8}.Release|Win32.Deploy.0 = Release|Win32
		{9C69243E-C7DC-42A4-AB86-0696E51697C8}.Release|x64.ActiveCfg = Release|x64
		{9C69243E-C7DC-42A4-AB86-0696E51697C8}.Release|x64.Build.0 = Release|x64
		{9C69243E-C7DC-42A4-AB86-0696E51697C8}.Win7 Debug|Win32.ActiveCfg = Debug|Win32
		{9C69243E-C7DC-42A4-AB86-0696E51697C8}.Win7 Debug|Win32.Build.0 = Debug|Win32
		{9C69243E-C7DC-42A4-AB86-0696E51697C8}.Win7 Debug|Win32.Deploy.0 = Debug|Win32
		{9C69243E-C7DC-42A4-AB86-0696E51697C8}.Win7 Debug|x64.ActiveCfg = Debug|x64
		{9C69243E-C7DC-42A4-AB86-0696E51697C8}.Win7 Debug|x64.Build.0 = Debug|x64
		{9C69243E-C7DC-42A4-AB86-0696E51697C8}.Win7 Release|Win32.ActiveCfg = Release|Win32
		{9C69243E-C7DC-42A4-AB86-0696E51697C8}.Win7 Release|Win32.Build.0 = Release|Win32
		{9C69243E-C7DC-42A4-AB86-0696E51697C8}.Win7 Release|Win32.Deploy.0 = Release|Win32
		{9C69243E-C7DC-42A4-AB86-0696E51697C8}.Win7 Release|x64.ActiveCfg = Release|x64
		{9C69243E-C7DC-42A4-AB86-0696E51697C8}.Win7 Release|x64.Build.0 = Release|x64
		{9C69243E-C7DC-42A4-AB86-0696E51697C8}.Win8 Debug|Win32.ActiveCfg = Debug|Win32
		{9C69243E-C7DC-42A4-AB86-0696E51697C8}.Win8 Debug|Win32.Build.0 = Debug|Win32
		{9C69243E-C7DC-42A4-AB86-0696E51697C8}.Win8 Debug|Win32.Deploy.0 = Debug|Win32
		{9C69243E-C7DC-42A4-AB86-0696E51697C8}.Win8 Debug|x64.ActiveCfg = Debug|x64
		{9C69243E-C7DC-42A4-AB86-0696E51697C8}.Win8 Debug|x64.Build.0 = Debug|x64
		{9C69243E-C7DC-42A4-AB86-0696E51697C8}.Win8 Release|Win32.ActiveCfg = Release|Win32
		{9C69243E-C7DC-42A4-AB86-0696E51697C8}.Win8 Release|Win32.Build.0 = Release|Win32
		{9C69243E-C7DC-42A4-AB86-0696E51697C8}.Win8 Release|Win32.Deploy.0 = Release|Win32
		{9C69243E-C7DC-42A4-AB86-0696E51697C8}.Win8 Release|x64.ActiveCfg = Release|x64
		{9C69243E-C7DC-42A4-AB86-0696E51697C8}.Win8 Release|x64.Build.0 = Release|x64
		{9C69243E-C7DC-42A4-AB86-0696E51697C8}.Win8.1 Debug|Win32.ActiveCfg = Debug|Win32
		{9C69243E-C7DC-42A4-AB86-0696E51697C8}.Win8.1 Debug|Win32.Build.0 = Debug|Win32
		{9C69243E-C7DC-42A4-AB86-0696E51697C8}.Win8.1 Debug|Win32.Deploy.0 = Debug|Win32
		{9C69243E-C7DC-42A4-AB86-0696E51697C8}.Win8.1 Debug|x64.ActiveCfg = Debug|x64
		{9C69243E-C7DC-42A4-AB86-0696E51697C8}.Win8.1 Debug|x64.Build.0 = Debug|x64
		{9C69243E-C7DC-42A4-AB86-0696E51697C8}.Win8.1 Release|Win32.ActiveCfg = Release|Win32
		{9C69243E-C7DC-42A4-AB86-0696E51697C8}.Win8.1 Release|Win32.Build.0 = Release|Win32
		{9C69243E-C7DC-42A4-AB86-0696E51697C8}.Win8.1 Release|Win32.Deploy.0 = Release|Win32
		{9C69243E-C7DC-42A4-AB86-0696E51697C8}.Win8.1 Release|x64.ActiveCfg = Release|x64
		{9C69243E-C7DC-42A4-AB86-0696E51697C8}.Win8.1 Release|x64.Build.0 = Release|x64
	EndGlobalSection
	GlobalSection(SolutionProperties) = preSolution
		HideSolutionNode = FALSE
	EndGlobalSection
EndGlobal
